
Microsoft Visual Studio Solution File, Format Version 12.00
# Visual Studio 2013
VisualStudioVersion = 12.0.21005.1
MinimumVisualStudioVersion = 10.0.40219.1
Project("{FAE04EC0-301F-11D3-BF4B-00C04F79EFBC}") = "Cookie", "Cookie\Cookie.csproj", "{066B5A1F-FBE6-4718-BF31-7F2AD9B11973}"
EndProject
Global
	GlobalSection(SolutionConfigurationPlatforms) = preSolution
		Debug|Any CPU = Debug|Any CPU
		Release|Any CPU = Release|Any CPU
	EndGlobalSection
	GlobalSection(ProjectConfigurationPlatforms) = postSolution
		{066B5A1F-FBE6-4718-BF31-7F2AD9B11973}.Debug|Any CPU.ActiveCfg = Debug|Any CPU
		{066B5A1F-FBE6-4718-BF31-7F2AD9B11973}.Debug|Any CPU.Build.0 = Debug|Any CPU
		{066B5A1F-FBE6-4718-BF31-7F2AD9B11973}.Release|Any CPU.ActiveCfg = Release|Any CPU
		{066B5A1F-FBE6-4718-BF31-7F2AD9B11973}.Release|Any CPU.Build.0 = Release|Any CPU
	EndGlobalSection
	GlobalSection(SolutionProperties) = preSolution
		HideSolutionNode = FALSE
	EndGlobalSection
EndGlobal
