
Microsoft Visual Studio Solution File, Format Version 12.00
# Visual Studio 2013
VisualStudioVersion = 12.0.21005.1
MinimumVisualStudioVersion = 10.0.40219.1
Project("{FAE04EC0-301F-11D3-BF4B-00C04F79EFBC}") = "verifyANDtransform", "verifyANDtransform\verifyANDtransform.csproj", "{63D34C75-11B9-465D-8679-0C3B4A3350BB}"
	ProjectSection(ProjectDependencies) = postProject
		{6D190C9A-6DA7-40B5-9043-F7FDC24F368B} = {6D190C9A-6DA7-40B5-9043-F7FDC24F368B}
	EndProjectSection
EndProject
Project("{FAE04EC0-301F-11D3-BF4B-00C04F79EFBC}") = "verifyANDtransformSERVICE", "verifyANDtransformSERVICE\verifyANDtransformSERVICE.csproj", "{6D190C9A-6DA7-40B5-9043-F7FDC24F368B}"
EndProject
Global
	GlobalSection(SolutionConfigurationPlatforms) = preSolution
		Debug|Any CPU = Debug|Any CPU
		Release|Any CPU = Release|Any CPU
	EndGlobalSection
	GlobalSection(ProjectConfigurationPlatforms) = postSolution
		{63D34C75-11B9-465D-8679-0C3B4A3350BB}.Debug|Any CPU.ActiveCfg = Debug|Any CPU
		{63D34C75-11B9-465D-8679-0C3B4A3350BB}.Debug|Any CPU.Build.0 = Debug|Any CPU
		{63D34C75-11B9-465D-8679-0C3B4A3350BB}.Release|Any CPU.ActiveCfg = Release|Any CPU
		{63D34C75-11B9-465D-8679-0C3B4A3350BB}.Release|Any CPU.Build.0 = Release|Any CPU
		{6D190C9A-6DA7-40B5-9043-F7FDC24F368B}.Debug|Any CPU.ActiveCfg = Debug|Any CPU
		{6D190C9A-6DA7-40B5-9043-F7FDC24F368B}.Debug|Any CPU.Build.0 = Debug|Any CPU
		{6D190C9A-6DA7-40B5-9043-F7FDC24F368B}.Release|Any CPU.ActiveCfg = Release|Any CPU
		{6D190C9A-6DA7-40B5-9043-F7FDC24F368B}.Release|Any CPU.Build.0 = Release|Any CPU
	EndGlobalSection
	GlobalSection(SolutionProperties) = preSolution
		HideSolutionNode = FALSE
	EndGlobalSection
EndGlobal
