
Microsoft Visual Studio Solution File, Format Version 12.00
# Visual Studio 2013
VisualStudioVersion = 12.0.21005.1
MinimumVisualStudioVersion = 10.0.40219.1
Project("{FAE04EC0-301F-11D3-BF4B-00C04F79EFBC}") = "Assignment4_Part2", "Assignment4_Part2\Assignment4_Part2.csproj", "{BE0A54E3-7B26-4C97-AB0A-44B6007DD693}"
EndProject
Project("{FAE04EC0-301F-11D3-BF4B-00C04F79EFBC}") = "GUI(TryIt)", "GUI(TryIt)\GUI(TryIt).csproj", "{607E140B-B34F-45D8-8267-9ACB79B431B8}"
	ProjectSection(ProjectDependencies) = postProject
		{BE0A54E3-7B26-4C97-AB0A-44B6007DD693} = {BE0A54E3-7B26-4C97-AB0A-44B6007DD693}
	EndProjectSection
EndProject
Global
	GlobalSection(SolutionConfigurationPlatforms) = preSolution
		Debug|Any CPU = Debug|Any CPU
		Release|Any CPU = Release|Any CPU
	EndGlobalSection
	GlobalSection(ProjectConfigurationPlatforms) = postSolution
		{BE0A54E3-7B26-4C97-AB0A-44B6007DD693}.Debug|Any CPU.ActiveCfg = Debug|Any CPU
		{BE0A54E3-7B26-4C97-AB0A-44B6007DD693}.Debug|Any CPU.Build.0 = Debug|Any CPU
		{BE0A54E3-7B26-4C97-AB0A-44B6007DD693}.Release|Any CPU.ActiveCfg = Release|Any CPU
		{BE0A54E3-7B26-4C97-AB0A-44B6007DD693}.Release|Any CPU.Build.0 = Release|Any CPU
		{607E140B-B34F-45D8-8267-9ACB79B431B8}.Debug|Any CPU.ActiveCfg = Debug|Any CPU
		{607E140B-B34F-45D8-8267-9ACB79B431B8}.Debug|Any CPU.Build.0 = Debug|Any CPU
		{607E140B-B34F-45D8-8267-9ACB79B431B8}.Release|Any CPU.ActiveCfg = Release|Any CPU
		{607E140B-B34F-45D8-8267-9ACB79B431B8}.Release|Any CPU.Build.0 = Release|Any CPU
	EndGlobalSection
	GlobalSection(SolutionProperties) = preSolution
		HideSolutionNode = FALSE
	EndGlobalSection
EndGlobal
